
Microsoft Visual Studio Solution File, Format Version 12.00
# Visual Studio 15
VisualStudioVersion = 15.0.26730.16
MinimumVisualStudioVersion = 10.0.40219.1
Project("{FAE04EC0-301F-11D3-BF4B-00C04F79EFBC}") = "RandLuckMan", "RandLuckMan\RandLuckMan.csproj", "{5FA1AA12-EB68-4839-BD23-C51FB16E3110}"
EndProject
Global
	GlobalSection(SolutionConfigurationPlatforms) = preSolution
		Debug|Any CPU = Debug|Any CPU
		Release|Any CPU = Release|Any CPU
	EndGlobalSection
	GlobalSection(ProjectConfigurationPlatforms) = postSolution
		{5FA1AA12-EB68-4839-BD23-C51FB16E3110}.Debug|Any CPU.ActiveCfg = Debug|Any CPU
		{5FA1AA12-EB68-4839-BD23-C51FB16E3110}.Debug|Any CPU.Build.0 = Debug|Any CPU
		{5FA1AA12-EB68-4839-BD23-C51FB16E3110}.Release|Any CPU.ActiveCfg = Release|Any CPU
		{5FA1AA12-EB68-4839-BD23-C51FB16E3110}.Release|Any CPU.Build.0 = Release|Any CPU
	EndGlobalSection
	GlobalSection(SolutionProperties) = preSolution
		HideSolutionNode = FALSE
	EndGlobalSection
	GlobalSection(ExtensibilityGlobals) = postSolution
		SolutionGuid = {22898E96-04E6-4AA7-839E-1F8C5B54CB54}
	EndGlobalSection
EndGlobal
